// !$*UTF8*$!
{
	archiveVersion = 1;
	classes = {
	};
	objectVersion = 77;
	objects = {

/* Begin PBXBuildFile section */
		35B75C632DA2561E00BD90F0 /* FirebaseStorage in Frameworks */ = {isa = PBXBuildFile; productRef = 35B75C622DA2561E00BD90F0 /* FirebaseStorage */; };
		37425AC22D5D5CC1004DE8CA /* FirebaseCore in Frameworks */ = {isa = PBXBuildFile; productRef = 37425AC12D5D5CC1004DE8CA /* FirebaseCore */; };
		37425AC42D5D5DD3004DE8CA /* FirebaseAuth in Frameworks */ = {isa = PBXBuildFile; productRef = 37425AC32D5D5DD3004DE8CA /* FirebaseAuth */; };
		37425AC62D5D5DE0004DE8CA /* FirebaseFirestore in Frameworks */ = {isa = PBXBuildFile; productRef = 37425AC52D5D5DE0004DE8CA /* FirebaseFirestore */; };
		37425AC82D5D5DEC004DE8CA /* FirebaseAnalytics in Frameworks */ = {isa = PBXBuildFile; productRef = 37425AC72D5D5DEC004DE8CA /* FirebaseAnalytics */; };
		405983862D7CC9C00016FBBD /* DGCharts in Frameworks */ = {isa = PBXBuildFile; productRef = 405983852D7CC9C00016FBBD /* DGCharts */; };
		40BE2D402D7CC6C40023997D /* TinyConstraints in Frameworks */ = {isa = PBXBuildFile; productRef = 40BE2D3F2D7CC6C40023997D /* TinyConstraints */; };
/* End PBXBuildFile section */

/* Begin PBXFileReference section */
		444548162D52C41C00CCDEBE /* MealMentor.app */ = {isa = PBXFileReference; explicitFileType = wrapper.application; includeInIndex = 0; path = MealMentor.app; sourceTree = BUILT_PRODUCTS_DIR; };
/* End PBXFileReference section */

/* Begin PBXFileSystemSynchronizedBuildFileExceptionSet section */
		444548282D52C41E00CCDEBE /* Exceptions for "MealMentor" folder in "MealMentor" target */ = {
			isa = PBXFileSystemSynchronizedBuildFileExceptionSet;
			membershipExceptions = (
				Info.plist,
			);
			target = 444548152D52C41C00CCDEBE /* MealMentor */;
		};
/* End PBXFileSystemSynchronizedBuildFileExceptionSet section */

/* Begin PBXFileSystemSynchronizedRootGroup section */
		444548182D52C41C00CCDEBE /* MealMentor */ = {
			isa = PBXFileSystemSynchronizedRootGroup;
			exceptions = (
				444548282D52C41E00CCDEBE /* Exceptions for "MealMentor" folder in "MealMentor" target */,
			);
			path = MealMentor;
			sourceTree = "<group>";
		};
/* End PBXFileSystemSynchronizedRootGroup section */

/* Begin PBXFrameworksBuildPhase section */
		444548132D52C41C00CCDEBE /* Frameworks */ = {
			isa = PBXFrameworksBuildPhase;
			buildActionMask = 2147483647;
			files = (
				40BE2D402D7CC6C40023997D /* TinyConstraints in Frameworks */,
				37425AC22D5D5CC1004DE8CA /* FirebaseCore in Frameworks */,
				37425AC42D5D5DD3004DE8CA /* FirebaseAuth in Frameworks */,
				37425AC82D5D5DEC004DE8CA /* FirebaseAnalytics in Frameworks */,
				35B75C632DA2561E00BD90F0 /* FirebaseStorage in Frameworks */,
				405983862D7CC9C00016FBBD /* DGCharts in Frameworks */,
				37425AC62D5D5DE0004DE8CA /* FirebaseFirestore in Frameworks */,
			);
			runOnlyForDeploymentPostprocessing = 0;
		};
/* End PBXFrameworksBuildPhase section */

/* Begin PBXGroup section */
		37425AC02D5D5CC1004DE8CA /* Frameworks */ = {
			isa = PBXGroup;
			children = (
			);
			name = Frameworks;
			sourceTree = "<group>";
		};
		4445480D2D52C41C00CCDEBE = {
			isa = PBXGroup;
			children = (
				444548182D52C41C00CCDEBE /* MealMentor */,
				37425AC02D5D5CC1004DE8CA /* Frameworks */,
				444548172D52C41C00CCDEBE /* Products */,
			);
			sourceTree = "<group>";
		};
		444548172D52C41C00CCDEBE /* Products */ = {
			isa = PBXGroup;
			children = (
				444548162D52C41C00CCDEBE /* MealMentor.app */,
			);
			name = Products;
			sourceTree = "<group>";
		};
/* End PBXGroup section */

/* Begin PBXNativeTarget section */
		444548152D52C41C00CCDEBE /* MealMentor */ = {
			isa = PBXNativeTarget;
			buildConfigurationList = 444548292D52C41E00CCDEBE /* Build configuration list for PBXNativeTarget "MealMentor" */;
			buildPhases = (
				444548122D52C41C00CCDEBE /* Sources */,
				444548132D52C41C00CCDEBE /* Frameworks */,
				444548142D52C41C00CCDEBE /* Resources */,
			);
			buildRules = (
			);
			dependencies = (
			);
			fileSystemSynchronizedGroups = (
				444548182D52C41C00CCDEBE /* MealMentor */,
			);
			name = MealMentor;
			packageProductDependencies = (
				37425AC12D5D5CC1004DE8CA /* FirebaseCore */,
				37425AC32D5D5DD3004DE8CA /* FirebaseAuth */,
				37425AC52D5D5DE0004DE8CA /* FirebaseFirestore */,
				37425AC72D5D5DEC004DE8CA /* FirebaseAnalytics */,
				40BE2D3F2D7CC6C40023997D /* TinyConstraints */,
				405983852D7CC9C00016FBBD /* DGCharts */,
				35B75C622DA2561E00BD90F0 /* FirebaseStorage */,
			);
			productName = "HuangBowen-HW2";
			productReference = 444548162D52C41C00CCDEBE /* MealMentor.app */;
			productType = "com.apple.product-type.application";
		};
/* End PBXNativeTarget section */

/* Begin PBXProject section */
		4445480E2D52C41C00CCDEBE /* Project object */ = {
			isa = PBXProject;
			attributes = {
				BuildIndependentTargetsInParallel = 1;
				LastSwiftUpdateCheck = 1620;
				LastUpgradeCheck = 1620;
				TargetAttributes = {
					444548152D52C41C00CCDEBE = {
						CreatedOnToolsVersion = 16.2;
					};
				};
			};
			buildConfigurationList = 444548112D52C41C00CCDEBE /* Build configuration list for PBXProject "MealMentor" */;
			developmentRegion = en;
			hasScannedForEncodings = 0;
			knownRegions = (
				en,
				Base,
			);
			mainGroup = 4445480D2D52C41C00CCDEBE;
			minimizedProjectReferenceProxies = 1;
			packageReferences = (
				37425AA92D5D59A9004DE8CA /* XCRemoteSwiftPackageReference "firebase-ios-sdk" */,
				40BE2D3E2D7CC6C40023997D /* XCRemoteSwiftPackageReference "TinyConstraints" */,
				405983842D7CC9C00016FBBD /* XCRemoteSwiftPackageReference "Charts" */,
			);
			preferredProjectObjectVersion = 77;
			productRefGroup = 444548172D52C41C00CCDEBE /* Products */;
			projectDirPath = "";
			projectRoot = "";
			targets = (
				444548152D52C41C00CCDEBE /* MealMentor */,
			);
		};
/* End PBXProject section */

/* Begin PBXResourcesBuildPhase section */
		444548142D52C41C00CCDEBE /* Resources */ = {
			isa = PBXResourcesBuildPhase;
			buildActionMask = 2147483647;
			files = (
			);
			runOnlyForDeploymentPostprocessing = 0;
		};
/* End PBXResourcesBuildPhase section */

/* Begin PBXSourcesBuildPhase section */
		444548122D52C41C00CCDEBE /* Sources */ = {
			isa = PBXSourcesBuildPhase;
			buildActionMask = 2147483647;
			files = (
			);
			runOnlyForDeploymentPostprocessing = 0;
		};
/* End PBXSourcesBuildPhase section */

/* Begin XCBuildConfiguration section */
		4445482A2D52C41E00CCDEBE /* Debug */ = {
			isa = XCBuildConfiguration;
			buildSettings = {
				ASSETCATALOG_COMPILER_APPICON_NAME = AppIcon;
				ASSETCATALOG_COMPILER_GLOBAL_ACCENT_COLOR_NAME = AccentColor;
				CODE_SIGN_STYLE = Automatic;
				CURRENT_PROJECT_VERSION = 1;
				DEVELOPMENT_TEAM = CXCZ5Y36X6;
				GENERATE_INFOPLIST_FILE = YES;
				INFOPLIST_FILE = MealMentor/Info.plist;
				INFOPLIST_KEY_UIApplicationSupportsIndirectInputEvents = YES;
				INFOPLIST_KEY_UILaunchStoryboardName = LaunchScreen;
				INFOPLIST_KEY_UIMainStoryboardFile = Main;
				INFOPLIST_KEY_UISupportedInterfaceOrientations_iPad = "UIInterfaceOrientationPortrait UIInterfaceOrientationPortraitUpsideDown UIInterfaceOrientationLandscapeLeft UIInterfaceOrientationLandscapeRight";
				INFOPLIST_KEY_UISupportedInterfaceOrientations_iPhone = "UIInterfaceOrientationPortrait UIInterfaceOrientationLandscapeLeft UIInterfaceOrientationLandscapeRight";
				LD_RUNPATH_SEARCH_PATHS = (
					"$(inherited)",
					"@executable_path/Frameworks",
				);
				MARKETING_VERSION = 1.0;
				PRODUCT_BUNDLE_IDENTIFIER = utcs.MealMentor;
				PRODUCT_NAME = "$(TARGET_NAME)";
				SWIFT_EMIT_LOC_STRINGS = YES;
				SWIFT_VERSION = 5.0;
				TARGETED_DEVICE_FAMILY = "1,2";
			};
			name = Debug;
		};
		4445482B2D52C41E00CCDEBE /* Release */ = {
			isa = XCBuildConfiguration;
			buildSettings = {
				ASSETCATALOG_COMPILER_APPICON_NAME = AppIcon;
				ASSETCATALOG_COMPILER_GLOBAL_ACCENT_COLOR_NAME = AccentColor;
				CODE_SIGN_STYLE = Automatic;
				CURRENT_PROJECT_VERSION = 1;
				DEVELOPMENT_TEAM = CXCZ5Y36X6;
				GENERATE_INFOPLIST_FILE = YES;
				INFOPLIST_FILE = MealMentor/Info.plist;
				INFOPLIST_KEY_UIApplicationSupportsIndirectInputEvents = YES;
				INFOPLIST_KEY_UILaunchStoryboardName = LaunchScreen;
				INFOPLIST_KEY_UIMainStoryboardFile = Main;
				INFOPLIST_KEY_UISupportedInterfaceOrientations_iPad = "UIInterfaceOrientationPortrait UIInterfaceOrientationPortraitUpsideDown UIInterfaceOrientationLandscapeLeft UIInterfaceOrientationLandscapeRight";
				INFOPLIST_KEY_UISupportedInterfaceOrientations_iPhone = "UIInterfaceOrientationPortrait UIInterfaceOrientationLandscapeLeft UIInterfaceOrientationLandscapeRight";
				LD_RUNPATH_SEARCH_PATHS = (
					"$(inherited)",
					"@executable_path/Frameworks",
				);
				MARKETING_VERSION = 1.0;
				PRODUCT_BUNDLE_IDENTIFIER = utcs.MealMentor;
				PRODUCT_NAME = "$(TARGET_NAME)";
				SWIFT_EMIT_LOC_STRINGS = YES;
				SWIFT_VERSION = 5.0;
				TARGETED_DEVICE_FAMILY = "1,2";
			};
			name = Release;
		};
		4445482C2D52C41E00CCDEBE /* Debug */ = {
			isa = XCBuildConfiguration;
			buildSettings = {
				ALWAYS_SEARCH_USER_PATHS = NO;
				ASSETCATALOG_COMPILER_GENERATE_SWIFT_ASSET_SYMBOL_EXTENSIONS = YES;
				CLANG_ANALYZER_NONNULL = YES;
				CLANG_ANALYZER_NUMBER_OBJECT_CONVERSION = YES_AGGRESSIVE;
				CLANG_CXX_LANGUAGE_STANDARD = "gnu++20";
				CLANG_ENABLE_MODULES = YES;
				CLANG_ENABLE_OBJC_ARC = YES;
				CLANG_ENABLE_OBJC_WEAK = YES;
				CLANG_WARN_BLOCK_CAPTURE_AUTORELEASING = YES;
				CLANG_WARN_BOOL_CONVERSION = YES;
				CLANG_WARN_COMMA = YES;
				CLANG_WARN_CONSTANT_CONVERSION = YES;
				CLANG_WARN_DEPRECATED_OBJC_IMPLEMENTATIONS = YES;
				CLANG_WARN_DIRECT_OBJC_ISA_USAGE = YES_ERROR;
				CLANG_WARN_DOCUMENTATION_COMMENTS = YES;
				CLANG_WARN_EMPTY_BODY = YES;
				CLANG_WARN_ENUM_CONVERSION = YES;
				CLANG_WARN_INFINITE_RECURSION = YES;
				CLANG_WARN_INT_CONVERSION = YES;
				CLANG_WARN_NON_LITERAL_NULL_CONVERSION = YES;
				CLANG_WARN_OBJC_IMPLICIT_RETAIN_SELF = YES;
				CLANG_WARN_OBJC_LITERAL_CONVERSION = YES;
				CLANG_WARN_OBJC_ROOT_CLASS = YES_ERROR;
				CLANG_WARN_QUOTED_INCLUDE_IN_FRAMEWORK_HEADER = YES;
				CLANG_WARN_RANGE_LOOP_ANALYSIS = YES;
				CLANG_WARN_STRICT_PROTOTYPES = YES;
				CLANG_WARN_SUSPICIOUS_MOVE = YES;
				CLANG_WARN_UNGUARDED_AVAILABILITY = YES_AGGRESSIVE;
				CLANG_WARN_UNREACHABLE_CODE = YES;
				CLANG_WARN__DUPLICATE_METHOD_MATCH = YES;
				COPY_PHASE_STRIP = NO;
				DEBUG_INFORMATION_FORMAT = dwarf;
				ENABLE_STRICT_OBJC_MSGSEND = YES;
				ENABLE_TESTABILITY = YES;
				ENABLE_USER_SCRIPT_SANDBOXING = YES;
				GCC_C_LANGUAGE_STANDARD = gnu17;
				GCC_DYNAMIC_NO_PIC = NO;
				GCC_NO_COMMON_BLOCKS = YES;
				GCC_OPTIMIZATION_LEVEL = 0;
				GCC_PREPROCESSOR_DEFINITIONS = (
					"DEBUG=1",
					"$(inherited)",
				);
				GCC_WARN_64_TO_32_BIT_CONVERSION = YES;
				GCC_WARN_ABOUT_RETURN_TYPE = YES_ERROR;
				GCC_WARN_UNDECLARED_SELECTOR = YES;
				GCC_WARN_UNINITIALIZED_AUTOS = YES_AGGRESSIVE;
				GCC_WARN_UNUSED_FUNCTION = YES;
				GCC_WARN_UNUSED_VARIABLE = YES;
				IPHONEOS_DEPLOYMENT_TARGET = 18.2;
				LOCALIZATION_PREFERS_STRING_CATALOGS = YES;
				MTL_ENABLE_DEBUG_INFO = INCLUDE_SOURCE;
				MTL_FAST_MATH = YES;
				ONLY_ACTIVE_ARCH = YES;
				SDKROOT = iphoneos;
				SWIFT_ACTIVE_COMPILATION_CONDITIONS = "DEBUG $(inherited)";
				SWIFT_OPTIMIZATION_LEVEL = "-Onone";
			};
			name = Debug;
		};
		4445482D2D52C41E00CCDEBE /* Release */ = {
			isa = XCBuildConfiguration;
			buildSettings = {
				ALWAYS_SEARCH_USER_PATHS = NO;
				ASSETCATALOG_COMPILER_GENERATE_SWIFT_ASSET_SYMBOL_EXTENSIONS = YES;
				CLANG_ANALYZER_NONNULL = YES;
				CLANG_ANALYZER_NUMBER_OBJECT_CONVERSION = YES_AGGRESSIVE;
				CLANG_CXX_LANGUAGE_STANDARD = "gnu++20";
				CLANG_ENABLE_MODULES = YES;
				CLANG_ENABLE_OBJC_ARC = YES;
				CLANG_ENABLE_OBJC_WEAK = YES;
				CLANG_WARN_BLOCK_CAPTURE_AUTORELEASING = YES;
				CLANG_WARN_BOOL_CONVERSION = YES;
				CLANG_WARN_COMMA = YES;
				CLANG_WARN_CONSTANT_CONVERSION = YES;
				CLANG_WARN_DEPRECATED_OBJC_IMPLEMENTATIONS = YES;
				CLANG_WARN_DIRECT_OBJC_ISA_USAGE = YES_ERROR;
				CLANG_WARN_DOCUMENTATION_COMMENTS = YES;
				CLANG_WARN_EMPTY_BODY = YES;
				CLANG_WARN_ENUM_CONVERSION = YES;
				CLANG_WARN_INFINITE_RECURSION = YES;
				CLANG_WARN_INT_CONVERSION = YES;
				CLANG_WARN_NON_LITERAL_NULL_CONVERSION = YES;
				CLANG_WARN_OBJC_IMPLICIT_RETAIN_SELF = YES;
				CLANG_WARN_OBJC_LITERAL_CONVERSION = YES;
				CLANG_WARN_OBJC_ROOT_CLASS = YES_ERROR;
				CLANG_WARN_QUOTED_INCLUDE_IN_FRAMEWORK_HEADER = YES;
				CLANG_WARN_RANGE_LOOP_ANALYSIS = YES;
				CLANG_WARN_STRICT_PROTOTYPES = YES;
				CLANG_WARN_SUSPICIOUS_MOVE = YES;
				CLANG_WARN_UNGUARDED_AVAILABILITY = YES_AGGRESSIVE;
				CLANG_WARN_UNREACHABLE_CODE = YES;
				CLANG_WARN__DUPLICATE_METHOD_MATCH = YES;
				COPY_PHASE_STRIP = NO;
				DEBUG_INFORMATION_FORMAT = "dwarf-with-dsym";
				ENABLE_NS_ASSERTIONS = NO;
				ENABLE_STRICT_OBJC_MSGSEND = YES;
				ENABLE_USER_SCRIPT_SANDBOXING = YES;
				GCC_C_LANGUAGE_STANDARD = gnu17;
				GCC_NO_COMMON_BLOCKS = YES;
				GCC_WARN_64_TO_32_BIT_CONVERSION = YES;
				GCC_WARN_ABOUT_RETURN_TYPE = YES_ERROR;
				GCC_WARN_UNDECLARED_SELECTOR = YES;
				GCC_WARN_UNINITIALIZED_AUTOS = YES_AGGRESSIVE;
				GCC_WARN_UNUSED_FUNCTION = YES;
				GCC_WARN_UNUSED_VARIABLE = YES;
				IPHONEOS_DEPLOYMENT_TARGET = 18.2;
				LOCALIZATION_PREFERS_STRING_CATALOGS = YES;
				MTL_ENABLE_DEBUG_INFO = NO;
				MTL_FAST_MATH = YES;
				SDKROOT = iphoneos;
				SWIFT_COMPILATION_MODE = wholemodule;
				VALIDATE_PRODUCT = YES;
			};
			name = Release;
		};
/* End XCBuildConfiguration section */

/* Begin XCConfigurationList section */
		444548112D52C41C00CCDEBE /* Build configuration list for PBXProject "MealMentor" */ = {
			isa = XCConfigurationList;
			buildConfigurations = (
				4445482C2D52C41E00CCDEBE /* Debug */,
				4445482D2D52C41E00CCDEBE /* Release */,
			);
			defaultConfigurationIsVisible = 0;
			defaultConfigurationName = Release;
		};
		444548292D52C41E00CCDEBE /* Build configuration list for PBXNativeTarget "MealMentor" */ = {
			isa = XCConfigurationList;
			buildConfigurations = (
				4445482A2D52C41E00CCDEBE /* Debug */,
				4445482B2D52C41E00CCDEBE /* Release */,
			);
			defaultConfigurationIsVisible = 0;
			defaultConfigurationName = Release;
		};
/* End XCConfigurationList section */

/* Begin XCRemoteSwiftPackageReference section */
		37425AA92D5D59A9004DE8CA /* XCRemoteSwiftPackageReference "firebase-ios-sdk" */ = {
			isa = XCRemoteSwiftPackageReference;
			repositoryURL = "https://github.com/firebase/firebase-ios-sdk";
			requirement = {
				kind = upToNextMajorVersion;
				minimumVersion = 11.8.1;
			};
		};
		405983842D7CC9C00016FBBD /* XCRemoteSwiftPackageReference "Charts" */ = {
			isa = XCRemoteSwiftPackageReference;
			repositoryURL = "https://github.com/danielgindi/Charts.git";
			requirement = {
				kind = upToNextMajorVersion;
				minimumVersion = 5.1.0;
			};
		};
		40BE2D3E2D7CC6C40023997D /* XCRemoteSwiftPackageReference "TinyConstraints" */ = {
			isa = XCRemoteSwiftPackageReference;
			repositoryURL = "https://github.com/roberthein/TinyConstraints.git";
			requirement = {
				kind = upToNextMajorVersion;
				minimumVersion = 4.0.2;
			};
		};
/* End XCRemoteSwiftPackageReference section */

/* Begin XCSwiftPackageProductDependency section */
		35B75C622DA2561E00BD90F0 /* FirebaseStorage */ = {
			isa = XCSwiftPackageProductDependency;
			package = 37425AA92D5D59A9004DE8CA /* XCRemoteSwiftPackageReference "firebase-ios-sdk" */;
			productName = FirebaseStorage;
		};
		37425AC12D5D5CC1004DE8CA /* FirebaseCore */ = {
			isa = XCSwiftPackageProductDependency;
			package = 37425AA92D5D59A9004DE8CA /* XCRemoteSwiftPackageReference "firebase-ios-sdk" */;
			productName = FirebaseCore;
		};
		37425AC32D5D5DD3004DE8CA /* FirebaseAuth */ = {
			isa = XCSwiftPackageProductDependency;
			package = 37425AA92D5D59A9004DE8CA /* XCRemoteSwiftPackageReference "firebase-ios-sdk" */;
			productName = FirebaseAuth;
		};
		37425AC52D5D5DE0004DE8CA /* FirebaseFirestore */ = {
			isa = XCSwiftPackageProductDependency;
			package = 37425AA92D5D59A9004DE8CA /* XCRemoteSwiftPackageReference "firebase-ios-sdk" */;
			productName = FirebaseFirestore;
		};
		37425AC72D5D5DEC004DE8CA /* FirebaseAnalytics */ = {
			isa = XCSwiftPackageProductDependency;
			package = 37425AA92D5D59A9004DE8CA /* XCRemoteSwiftPackageReference "firebase-ios-sdk" */;
			productName = FirebaseAnalytics;
		};
		405983852D7CC9C00016FBBD /* DGCharts */ = {
			isa = XCSwiftPackageProductDependency;
			package = 405983842D7CC9C00016FBBD /* XCRemoteSwiftPackageReference "Charts" */;
			productName = DGCharts;
		};
		40BE2D3F2D7CC6C40023997D /* TinyConstraints */ = {
			isa = XCSwiftPackageProductDependency;
			package = 40BE2D3E2D7CC6C40023997D /* XCRemoteSwiftPackageReference "TinyConstraints" */;
			productName = TinyConstraints;
		};
/* End XCSwiftPackageProductDependency section */
	};
	rootObject = 4445480E2D52C41C00CCDEBE /* Project object */;
}
